
Microsoft Visual Studio Solution File, Format Version 12.00
# Visual Studio 2012
Project("{FAE04EC0-301F-11D3-BF4B-00C04F79EFBC}") = "CountryAndCityInformationWeb", "CountryAndCityInformationWeb\CountryAndCityInformationWeb.csproj", "{3576A3C5-9D45-4DA2-A729-8041720E8C1B}"
EndProject
Global
	GlobalSection(SolutionConfigurationPlatforms) = preSolution
		Debug|Any CPU = Debug|Any CPU
		Release|Any CPU = Release|Any CPU
	EndGlobalSection
	GlobalSection(ProjectConfigurationPlatforms) = postSolution
		{3576A3C5-9D45-4DA2-A729-8041720E8C1B}.Debug|Any CPU.ActiveCfg = Debug|Any CPU
		{3576A3C5-9D45-4DA2-A729-8041720E8C1B}.Debug|Any CPU.Build.0 = Debug|Any CPU
		{3576A3C5-9D45-4DA2-A729-8041720E8C1B}.Release|Any CPU.ActiveCfg = Release|Any CPU
		{3576A3C5-9D45-4DA2-A729-8041720E8C1B}.Release|Any CPU.Build.0 = Release|Any CPU
	EndGlobalSection
	GlobalSection(SolutionProperties) = preSolution
		HideSolutionNode = FALSE
	EndGlobalSection
EndGlobal
